// !$*UTF8*$!
{
	archiveVersion = 1;
	classes = {
	};
	objectVersion = 51;
	objects = {

/* Begin PBXBuildFile section */
		25DF1940BA108F826C80C842 /* Pods_orc_cloud.framework in Frameworks */ = {isa = PBXBuildFile; fileRef = 968A8490668B21FA6B0197F2 /* Pods_orc_cloud.framework */; };
		3495E22123260EB0006B4F4C /* AppDelegate.swift in Sources */ = {isa = PBXBuildFile; fileRef = 3495E22023260EB0006B4F4C /* AppDelegate.swift */; };
		3495E22323260EB0006B4F4C /* ViewController.swift in Sources */ = {isa = PBXBuildFile; fileRef = 3495E22223260EB0006B4F4C /* ViewController.swift */; };
		3495E22623260EB0006B4F4C /* Main.storyboard in Resources */ = {isa = PBXBuildFile; fileRef = 3495E22423260EB0006B4F4C /* Main.storyboard */; };
		3495E22823260EB2006B4F4C /* Assets.xcassets in Resources */ = {isa = PBXBuildFile; fileRef = 3495E22723260EB2006B4F4C /* Assets.xcassets */; };
		3495E22B23260EB2006B4F4C /* LaunchScreen.storyboard in Resources */ = {isa = PBXBuildFile; fileRef = 3495E22923260EB2006B4F4C /* LaunchScreen.storyboard */; };
		34C1B697232785E500ACB865 /* ImageViewController.swift in Sources */ = {isa = PBXBuildFile; fileRef = 34C1B696232785E500ACB865 /* ImageViewController.swift */; };
		34C1B69923289AE000ACB865 /* GoogleCloudOCR.swift in Sources */ = {isa = PBXBuildFile; fileRef = 34C1B69823289AE000ACB865 /* GoogleCloudOCR.swift */; };
		34C1B69B2328B2AE00ACB865 /* GoogleCloudOCRModel.swift in Sources */ = {isa = PBXBuildFile; fileRef = 34C1B69A2328B2AE00ACB865 /* GoogleCloudOCRModel.swift */; };
		34D75C7E23387A4E00657B7B /* TestViewController.swift in Sources */ = {isa = PBXBuildFile; fileRef = 34D75C7D23387A4E00657B7B /* TestViewController.swift */; };
/* End PBXBuildFile section */

/* Begin PBXFileReference section */
		23380279C5C0C177EF89CF84 /* Pods-orc cloud.release.xcconfig */ = {isa = PBXFileReference; includeInIndex = 1; lastKnownFileType = text.xcconfig; name = "Pods-orc cloud.release.xcconfig"; path = "Target Support Files/Pods-orc cloud/Pods-orc cloud.release.xcconfig"; sourceTree = "<group>"; };
		3495E21D23260EB0006B4F4C /* orc cloud.app */ = {isa = PBXFileReference; explicitFileType = wrapper.application; includeInIndex = 0; path = "orc cloud.app"; sourceTree = BUILT_PRODUCTS_DIR; };
		3495E22023260EB0006B4F4C /* AppDelegate.swift */ = {isa = PBXFileReference; lastKnownFileType = sourcecode.swift; path = AppDelegate.swift; sourceTree = "<group>"; };
		3495E22223260EB0006B4F4C /* ViewController.swift */ = {isa = PBXFileReference; lastKnownFileType = sourcecode.swift; path = ViewController.swift; sourceTree = "<group>"; };
		3495E22523260EB0006B4F4C /* Base */ = {isa = PBXFileReference; lastKnownFileType = file.storyboard; name = Base; path = Base.lproj/Main.storyboard; sourceTree = "<group>"; };
		3495E22723260EB2006B4F4C /* Assets.xcassets */ = {isa = PBXFileReference; lastKnownFileType = folder.assetcatalog; path = Assets.xcassets; sourceTree = "<group>"; };
		3495E22A23260EB2006B4F4C /* Base */ = {isa = PBXFileReference; lastKnownFileType = file.storyboard; name = Base; path = Base.lproj/LaunchScreen.storyboard; sourceTree = "<group>"; };
		3495E22C23260EB2006B4F4C /* Info.plist */ = {isa = PBXFileReference; lastKnownFileType = text.plist.xml; path = Info.plist; sourceTree = "<group>"; };
		34C1B696232785E500ACB865 /* ImageViewController.swift */ = {isa = PBXFileReference; lastKnownFileType = sourcecode.swift; path = ImageViewController.swift; sourceTree = "<group>"; };
		34C1B69823289AE000ACB865 /* GoogleCloudOCR.swift */ = {isa = PBXFileReference; lastKnownFileType = sourcecode.swift; path = GoogleCloudOCR.swift; sourceTree = "<group>"; };
		34C1B69A2328B2AE00ACB865 /* GoogleCloudOCRModel.swift */ = {isa = PBXFileReference; lastKnownFileType = sourcecode.swift; path = GoogleCloudOCRModel.swift; sourceTree = "<group>"; };
		34D75C7D23387A4E00657B7B /* TestViewController.swift */ = {isa = PBXFileReference; lastKnownFileType = sourcecode.swift; path = TestViewController.swift; sourceTree = "<group>"; };
		968A8490668B21FA6B0197F2 /* Pods_orc_cloud.framework */ = {isa = PBXFileReference; explicitFileType = wrapper.framework; includeInIndex = 0; path = Pods_orc_cloud.framework; sourceTree = BUILT_PRODUCTS_DIR; };
		C3BF906AC49CDC086DB6CA29 /* Pods-orc cloud.debug.xcconfig */ = {isa = PBXFileReference; includeInIndex = 1; lastKnownFileType = text.xcconfig; name = "Pods-orc cloud.debug.xcconfig"; path = "Target Support Files/Pods-orc cloud/Pods-orc cloud.debug.xcconfig"; sourceTree = "<group>"; };
/* End PBXFileReference section */

/* Begin PBXFrameworksBuildPhase section */
		3495E21A23260EB0006B4F4C /* Frameworks */ = {
			isa = PBXFrameworksBuildPhase;
			buildActionMask = 2147483647;
			files = (
				25DF1940BA108F826C80C842 /* Pods_orc_cloud.framework in Frameworks */,
			);
			runOnlyForDeploymentPostprocessing = 0;
		};
/* End PBXFrameworksBuildPhase section */

/* Begin PBXGroup section */
		3495E21423260EB0006B4F4C = {
			isa = PBXGroup;
			children = (
				3495E21F23260EB0006B4F4C /* orc cloud */,
				3495E21E23260EB0006B4F4C /* Products */,
				43148C986ACDBD28DC13BE7C /* Pods */,
				A06158DD432834FE555AA850 /* Frameworks */,
			);
			sourceTree = "<group>";
		};
		3495E21E23260EB0006B4F4C /* Products */ = {
			isa = PBXGroup;
			children = (
				3495E21D23260EB0006B4F4C /* orc cloud.app */,
			);
			name = Products;
			sourceTree = "<group>";
		};
		3495E21F23260EB0006B4F4C /* orc cloud */ = {
			isa = PBXGroup;
			children = (
				3495E22023260EB0006B4F4C /* AppDelegate.swift */,
				3495E22223260EB0006B4F4C /* ViewController.swift */,
				34C1B696232785E500ACB865 /* ImageViewController.swift */,
				3495E22423260EB0006B4F4C /* Main.storyboard */,
				34D75C7D23387A4E00657B7B /* TestViewController.swift */,
				3495E22723260EB2006B4F4C /* Assets.xcassets */,
				3495E22923260EB2006B4F4C /* LaunchScreen.storyboard */,
				3495E22C23260EB2006B4F4C /* Info.plist */,
				34C1B69823289AE000ACB865 /* GoogleCloudOCR.swift */,
				34C1B69A2328B2AE00ACB865 /* GoogleCloudOCRModel.swift */,
			);
			path = "orc cloud";
			sourceTree = "<group>";
		};
		43148C986ACDBD28DC13BE7C /* Pods */ = {
			isa = PBXGroup;
			children = (
				C3BF906AC49CDC086DB6CA29 /* Pods-orc cloud.debug.xcconfig */,
				23380279C5C0C177EF89CF84 /* Pods-orc cloud.release.xcconfig */,
			);
			path = Pods;
			sourceTree = "<group>";
		};
		A06158DD432834FE555AA850 /* Frameworks */ = {
			isa = PBXGroup;
			children = (
				968A8490668B21FA6B0197F2 /* Pods_orc_cloud.framework */,
			);
			name = Frameworks;
			sourceTree = "<group>";
		};
/* End PBXGroup section */

/* Begin PBXNativeTarget section */
		3495E21C23260EB0006B4F4C /* orc cloud */ = {
			isa = PBXNativeTarget;
			buildConfigurationList = 3495E22F23260EB2006B4F4C /* Build configuration list for PBXNativeTarget "orc cloud" */;
			buildPhases = (
				D68D86EC87B47DC74EA2CCFB /* [CP] Check Pods Manifest.lock */,
				3495E21923260EB0006B4F4C /* Sources */,
				3495E21A23260EB0006B4F4C /* Frameworks */,
				3495E21B23260EB0006B4F4C /* Resources */,
				0C2CA09C8E3F9AD542BFA3C2 /* [CP] Embed Pods Frameworks */,
			);
			buildRules = (
			);
			dependencies = (
			);
			name = "orc cloud";
			productName = "orc cloud";
			productReference = 3495E21D23260EB0006B4F4C /* orc cloud.app */;
			productType = "com.apple.product-type.application";
		};
/* End PBXNativeTarget section */

/* Begin PBXProject section */
		3495E21523260EB0006B4F4C /* Project object */ = {
			isa = PBXProject;
			attributes = {
				LastSwiftUpdateCheck = 1030;
				LastUpgradeCheck = 1030;
				ORGANIZATIONNAME = "Trinh Quang Hoc";
				TargetAttributes = {
					3495E21C23260EB0006B4F4C = {
						CreatedOnToolsVersion = 10.3;
					};
				};
			};
			buildConfigurationList = 3495E21823260EB0006B4F4C /* Build configuration list for PBXProject "orc cloud" */;
			compatibilityVersion = "Xcode 9.3";
			developmentRegion = en;
			hasScannedForEncodings = 0;
			knownRegions = (
				en,
				Base,
			);
			mainGroup = 3495E21423260EB0006B4F4C;
			productRefGroup = 3495E21E23260EB0006B4F4C /* Products */;
			projectDirPath = "";
			projectRoot = "";
			targets = (
				3495E21C23260EB0006B4F4C /* orc cloud */,
			);
		};
/* End PBXProject section */

/* Begin PBXResourcesBuildPhase section */
		3495E21B23260EB0006B4F4C /* Resources */ = {
			isa = PBXResourcesBuildPhase;
			buildActionMask = 2147483647;
			files = (
				3495E22B23260EB2006B4F4C /* LaunchScreen.storyboard in Resources */,
				3495E22823260EB2006B4F4C /* Assets.xcassets in Resources */,
				3495E22623260EB0006B4F4C /* Main.storyboard in Resources */,
			);
			runOnlyForDeploymentPostprocessing = 0;
		};
/* End PBXResourcesBuildPhase section */

/* Begin PBXShellScriptBuildPhase section */
		0C2CA09C8E3F9AD542BFA3C2 /* [CP] Embed Pods Frameworks */ = {
			isa = PBXShellScriptBuildPhase;
			buildActionMask = 2147483647;
			files = (
			);
			inputFileListPaths = (
				"${PODS_ROOT}/Target Support Files/Pods-orc cloud/Pods-orc cloud-frameworks-${CONFIGURATION}-input-files.xcfilelist",
			);
			name = "[CP] Embed Pods Frameworks";
			outputFileListPaths = (
				"${PODS_ROOT}/Target Support Files/Pods-orc cloud/Pods-orc cloud-frameworks-${CONFIGURATION}-output-files.xcfilelist",
			);
			runOnlyForDeploymentPostprocessing = 0;
			shellPath = /bin/sh;
			shellScript = "\"${PODS_ROOT}/Target Support Files/Pods-orc cloud/Pods-orc cloud-frameworks.sh\"\n";
			showEnvVarsInLog = 0;
		};
		D68D86EC87B47DC74EA2CCFB /* [CP] Check Pods Manifest.lock */ = {
			isa = PBXShellScriptBuildPhase;
			buildActionMask = 2147483647;
			files = (
			);
			inputFileListPaths = (
			);
			inputPaths = (
				"${PODS_PODFILE_DIR_PATH}/Podfile.lock",
				"${PODS_ROOT}/Manifest.lock",
			);
			name = "[CP] Check Pods Manifest.lock";
			outputFileListPaths = (
			);
			outputPaths = (
				"$(DERIVED_FILE_DIR)/Pods-orc cloud-checkManifestLockResult.txt",
			);
			runOnlyForDeploymentPostprocessing = 0;
			shellPath = /bin/sh;
			shellScript = "diff \"${PODS_PODFILE_DIR_PATH}/Podfile.lock\" \"${PODS_ROOT}/Manifest.lock\" > /dev/null\nif [ $? != 0 ] ; then\n    # print error to STDERR\n    echo \"error: The sandbox is not in sync with the Podfile.lock. Run 'pod install' or update your CocoaPods installation.\" >&2\n    exit 1\nfi\n# This output is used by Xcode 'outputs' to avoid re-running this script phase.\necho \"SUCCESS\" > \"${SCRIPT_OUTPUT_FILE_0}\"\n";
			showEnvVarsInLog = 0;
		};
/* End PBXShellScriptBuildPhase section */

/* Begin PBXSourcesBuildPhase section */
		3495E21923260EB0006B4F4C /* Sources */ = {
			isa = PBXSourcesBuildPhase;
			buildActionMask = 2147483647;
			files = (
				3495E22323260EB0006B4F4C /* ViewController.swift in Sources */,
				34C1B697232785E500ACB865 /* ImageViewController.swift in Sources */,
				3495E22123260EB0006B4F4C /* AppDelegate.swift in Sources */,
				34C1B69923289AE000ACB865 /* GoogleCloudOCR.swift in Sources */,
				34D75C7E23387A4E00657B7B /* TestViewController.swift in Sources */,
				34C1B69B2328B2AE00ACB865 /* GoogleCloudOCRModel.swift in Sources */,
			);
			runOnlyForDeploymentPostprocessing = 0;
		};
/* End PBXSourcesBuildPhase section */

/* Begin PBXVariantGroup section */
		3495E22423260EB0006B4F4C /* Main.storyboard */ = {
			isa = PBXVariantGroup;
			children = (
				3495E22523260EB0006B4F4C /* Base */,
			);
			name = Main.storyboard;
			sourceTree = "<group>";
		};
		3495E22923260EB2006B4F4C /* LaunchScreen.storyboard */ = {
			isa = PBXVariantGroup;
			children = (
				3495E22A23260EB2006B4F4C /* Base */,
			);
			name = LaunchScreen.storyboard;
			sourceTree = "<group>";
		};
/* End PBXVariantGroup section */

/* Begin XCBuildConfiguration section */
		3495E22D23260EB2006B4F4C /* Debug */ = {
			isa = XCBuildConfiguration;
			buildSettings = {
				ALWAYS_SEARCH_USER_PATHS = NO;
				CLANG_ANALYZER_NONNULL = YES;
				CLANG_ANALYZER_NUMBER_OBJECT_CONVERSION = YES_AGGRESSIVE;
				CLANG_CXX_LANGUAGE_STANDARD = "gnu++14";
				CLANG_CXX_LIBRARY = "libc++";
				CLANG_ENABLE_MODULES = YES;
				CLANG_ENABLE_OBJC_ARC = YES;
				CLANG_ENABLE_OBJC_WEAK = YES;
				CLANG_WARN_BLOCK_CAPTURE_AUTORELEASING = YES;
				CLANG_WARN_BOOL_CONVERSION = YES;
				CLANG_WARN_COMMA = YES;
				CLANG_WARN_CONSTANT_CONVERSION = YES;
				CLANG_WARN_DEPRECATED_OBJC_IMPLEMENTATIONS = YES;
				CLANG_WARN_DIRECT_OBJC_ISA_USAGE = YES_ERROR;
				CLANG_WARN_DOCUMENTATION_COMMENTS = YES;
				CLANG_WARN_EMPTY_BODY = YES;
				CLANG_WARN_ENUM_CONVERSION = YES;
				CLANG_WARN_INFINITE_RECURSION = YES;
				CLANG_WARN_INT_CONVERSION = YES;
				CLANG_WARN_NON_LITERAL_NULL_CONVERSION = YES;
				CLANG_WARN_OBJC_IMPLICIT_RETAIN_SELF = YES;
				CLANG_WARN_OBJC_LITERAL_CONVERSION = YES;
				CLANG_WARN_OBJC_ROOT_CLASS = YES_ERROR;
				CLANG_WARN_RANGE_LOOP_ANALYSIS = YES;
				CLANG_WARN_STRICT_PROTOTYPES = YES;
				CLANG_WARN_SUSPICIOUS_MOVE = YES;
				CLANG_WARN_UNGUARDED_AVAILABILITY = YES_AGGRESSIVE;
				CLANG_WARN_UNREACHABLE_CODE = YES;
				CLANG_WARN__DUPLICATE_METHOD_MATCH = YES;
				CODE_SIGN_IDENTITY = "iPhone Developer";
				COPY_PHASE_STRIP = NO;
				DEBUG_INFORMATION_FORMAT = dwarf;
				ENABLE_STRICT_OBJC_MSGSEND = YES;
				ENABLE_TESTABILITY = YES;
				GCC_C_LANGUAGE_STANDARD = gnu11;
				GCC_DYNAMIC_NO_PIC = NO;
				GCC_NO_COMMON_BLOCKS = YES;
				GCC_OPTIMIZATION_LEVEL = 0;
				GCC_PREPROCESSOR_DEFINITIONS = (
					"DEBUG=1",
					"$(inherited)",
				);
				GCC_WARN_64_TO_32_BIT_CONVERSION = YES;
				GCC_WARN_ABOUT_RETURN_TYPE = YES_ERROR;
				GCC_WARN_UNDECLARED_SELECTOR = YES;
				GCC_WARN_UNINITIALIZED_AUTOS = YES_AGGRESSIVE;
				GCC_WARN_UNUSED_FUNCTION = YES;
				GCC_WARN_UNUSED_VARIABLE = YES;
				IPHONEOS_DEPLOYMENT_TARGET = 12.4;
				MTL_ENABLE_DEBUG_INFO = INCLUDE_SOURCE;
				MTL_FAST_MATH = YES;
				ONLY_ACTIVE_ARCH = YES;
				SDKROOT = iphoneos;
				SWIFT_ACTIVE_COMPILATION_CONDITIONS = DEBUG;
				SWIFT_OPTIMIZATION_LEVEL = "-Onone";
			};
			name = Debug;
		};
		3495E22E23260EB2006B4F4C /* Release */ = {
			isa = XCBuildConfiguration;
			buildSettings = {
				ALWAYS_SEARCH_USER_PATHS = NO;
				CLANG_ANALYZER_NONNULL = YES;
				CLANG_ANALYZER_NUMBER_OBJECT_CONVERSION = YES_AGGRESSIVE;
				CLANG_CXX_LANGUAGE_STANDARD = "gnu++14";
				CLANG_CXX_LIBRARY = "libc++";
				CLANG_ENABLE_MODULES = YES;
				CLANG_ENABLE_OBJC_ARC = YES;
				CLANG_ENABLE_OBJC_WEAK = YES;
				CLANG_WARN_BLOCK_CAPTURE_AUTORELEASING = YES;
				CLANG_WARN_BOOL_CONVERSION = YES;
				CLANG_WARN_COMMA = YES;
				CLANG_WARN_CONSTANT_CONVERSION = YES;
				CLANG_WARN_DEPRECATED_OBJC_IMPLEMENTATIONS = YES;
				CLANG_WARN_DIRECT_OBJC_ISA_USAGE = YES_ERROR;
				CLANG_WARN_DOCUMENTATION_COMMENTS = YES;
				CLANG_WARN_EMPTY_BODY = YES;
				CLANG_WARN_ENUM_CONVERSION = YES;
				CLANG_WARN_INFINITE_RECURSION = YES;
				CLANG_WARN_INT_CONVERSION = YES;
				CLANG_WARN_NON_LITERAL_NULL_CONVERSION = YES;
				CLANG_WARN_OBJC_IMPLICIT_RETAIN_SELF = YES;
				CLANG_WARN_OBJC_LITERAL_CONVERSION = YES;
				CLANG_WARN_OBJC_ROOT_CLASS = YES_ERROR;
				CLANG_WARN_RANGE_LOOP_ANALYSIS = YES;
				CLANG_WARN_STRICT_PROTOTYPES = YES;
				CLANG_WARN_SUSPICIOUS_MOVE = YES;
				CLANG_WARN_UNGUARDED_AVAILABILITY = YES_AGGRESSIVE;
				CLANG_WARN_UNREACHABLE_CODE = YES;
				CLANG_WARN__DUPLICATE_METHOD_MATCH = YES;
				CODE_SIGN_IDENTITY = "iPhone Developer";
				COPY_PHASE_STRIP = NO;
				DEBUG_INFORMATION_FORMAT = "dwarf-with-dsym";
				ENABLE_NS_ASSERTIONS = NO;
				ENABLE_STRICT_OBJC_MSGSEND = YES;
				GCC_C_LANGUAGE_STANDARD = gnu11;
				GCC_NO_COMMON_BLOCKS = YES;
				GCC_WARN_64_TO_32_BIT_CONVERSION = YES;
				GCC_WARN_ABOUT_RETURN_TYPE = YES_ERROR;
				GCC_WARN_UNDECLARED_SELECTOR = YES;
				GCC_WARN_UNINITIALIZED_AUTOS = YES_AGGRESSIVE;
				GCC_WARN_UNUSED_FUNCTION = YES;
				GCC_WARN_UNUSED_VARIABLE = YES;
				IPHONEOS_DEPLOYMENT_TARGET = 12.4;
				MTL_ENABLE_DEBUG_INFO = NO;
				MTL_FAST_MATH = YES;
				SDKROOT = iphoneos;
				SWIFT_COMPILATION_MODE = wholemodule;
				SWIFT_OPTIMIZATION_LEVEL = "-O";
				VALIDATE_PRODUCT = YES;
			};
			name = Release;
		};
		3495E23023260EB2006B4F4C /* Debug */ = {
			isa = XCBuildConfiguration;
			baseConfigurationReference = C3BF906AC49CDC086DB6CA29 /* Pods-orc cloud.debug.xcconfig */;
			buildSettings = {
				ASSETCATALOG_COMPILER_APPICON_NAME = AppIcon;
				CODE_SIGN_STYLE = Automatic;
				DEVELOPMENT_TEAM = XU42ZD4RFF;
				INFOPLIST_FILE = "orc cloud/Info.plist";
				IPHONEOS_DEPLOYMENT_TARGET = 12.1;
				LD_RUNPATH_SEARCH_PATHS = (
					"$(inherited)",
					"@executable_path/Frameworks",
				);
				PRODUCT_BUNDLE_IDENTIFIER = "hoc.orc-cloud";
				PRODUCT_NAME = "$(TARGET_NAME)";
				SWIFT_VERSION = 5.0;
				TARGETED_DEVICE_FAMILY = "1,2";
			};
			name = Debug;
		};
		3495E23123260EB2006B4F4C /* Release */ = {
			isa = XCBuildConfiguration;
			baseConfigurationReference = 23380279C5C0C177EF89CF84 /* Pods-orc cloud.release.xcconfig */;
			buildSettings = {
				ASSETCATALOG_COMPILER_APPICON_NAME = AppIcon;
				CODE_SIGN_STYLE = Automatic;
				DEVELOPMENT_TEAM = XU42ZD4RFF;
				INFOPLIST_FILE = "orc cloud/Info.plist";
				IPHONEOS_DEPLOYMENT_TARGET = 12.1;
				LD_RUNPATH_SEARCH_PATHS = (
					"$(inherited)",
					"@executable_path/Frameworks",
				);
				PRODUCT_BUNDLE_IDENTIFIER = "hoc.orc-cloud";
				PRODUCT_NAME = "$(TARGET_NAME)";
				SWIFT_VERSION = 5.0;
				TARGETED_DEVICE_FAMILY = "1,2";
			};
			name = Release;
		};
/* End XCBuildConfiguration section */

/* Begin XCConfigurationList section */
		3495E21823260EB0006B4F4C /* Build configuration list for PBXProject "orc cloud" */ = {
			isa = XCConfigurationList;
			buildConfigurations = (
				3495E22D23260EB2006B4F4C /* Debug */,
				3495E22E23260EB2006B4F4C /* Release */,
			);
			defaultConfigurationIsVisible = 0;
			defaultConfigurationName = Release;
		};
		3495E22F23260EB2006B4F4C /* Build configuration list for PBXNativeTarget "orc cloud" */ = {
			isa = XCConfigurationList;
			buildConfigurations = (
				3495E23023260EB2006B4F4C /* Debug */,
				3495E23123260EB2006B4F4C /* Release */,
			);
			defaultConfigurationIsVisible = 0;
			defaultConfigurationName = Release;
		};
/* End XCConfigurationList section */
	};
	rootObject = 3495E21523260EB0006B4F4C /* Project object */;
}
